
Microsoft Visual Studio Solution File, Format Version 12.00
# Visual Studio Version 17
VisualStudioVersion = 17.6.33712.159
MinimumVisualStudioVersion = 10.0.40219.1
Project("{FAE04EC0-301F-11D3-BF4B-00C04F79EFBC}") = "WinFormsApp8", "WinFormsApp8\WinFormsApp8.csproj", "{D1F1B848-4BF1-4AA0-A487-2EB4404E040E}"
EndProject
Global
	GlobalSection(SolutionConfigurationPlatforms) = preSolution
		Debug|Any CPU = Debug|Any CPU
		Release|Any CPU = Release|Any CPU
	EndGlobalSection
	GlobalSection(ProjectConfigurationPlatforms) = postSolution
		{D1F1B848-4BF1-4AA0-A487-2EB4404E040E}.Debug|Any CPU.ActiveCfg = Debug|Any CPU
		{D1F1B848-4BF1-4AA0-A487-2EB4404E040E}.Debug|Any CPU.Build.0 = Debug|Any CPU
		{D1F1B848-4BF1-4AA0-A487-2EB4404E040E}.Release|Any CPU.ActiveCfg = Release|Any CPU
		{D1F1B848-4BF1-4AA0-A487-2EB4404E040E}.Release|Any CPU.Build.0 = Release|Any CPU
	EndGlobalSection
	GlobalSection(SolutionProperties) = preSolution
		HideSolutionNode = FALSE
	EndGlobalSection
	GlobalSection(ExtensibilityGlobals) = postSolution
		SolutionGuid = {DAB9D8A5-D9ED-48CF-9287-E20E0ABD8C40}
	EndGlobalSection
EndGlobal
